// !$*UTF8*$!
{
	archiveVersion = 1;
	classes = {
	};
	objectVersion = 52;
	objects = {

/* Begin PBXBuildFile section */
		1227E1EC242E102E00D95B05 /* AppDelegate.swift in Sources */ = {isa = PBXBuildFile; fileRef = 1227E1EB242E102E00D95B05 /* AppDelegate.swift */; };
		1227E1F0242E102E00D95B05 /* ViewController.swift in Sources */ = {isa = PBXBuildFile; fileRef = 1227E1EF242E102E00D95B05 /* ViewController.swift */; };
		1227E1F3242E102E00D95B05 /* Main.storyboard in Resources */ = {isa = PBXBuildFile; fileRef = 1227E1F1242E102E00D95B05 /* Main.storyboard */; };
		1227E1F5242E103300D95B05 /* Assets.xcassets in Resources */ = {isa = PBXBuildFile; fileRef = 1227E1F4242E103300D95B05 /* Assets.xcassets */; };
		1227E1F8242E103300D95B05 /* LaunchScreen.storyboard in Resources */ = {isa = PBXBuildFile; fileRef = 1227E1F6242E103300D95B05 /* LaunchScreen.storyboard */; };
		12CB3ED9243731E200C9B5E4 /* SocketIO in Frameworks */ = {isa = PBXBuildFile; productRef = 12CB3ED8243731E200C9B5E4 /* SocketIO */; };
		12CB3EDC243733A400C9B5E4 /* SocketIOManager.swift in Sources */ = {isa = PBXBuildFile; fileRef = 12CB3EDB243733A400C9B5E4 /* SocketIOManager.swift */; };
		5BF21350242E1370009AEED4 /* Accelerometer.swift in Sources */ = {isa = PBXBuildFile; fileRef = 5BF2134F242E1370009AEED4 /* Accelerometer.swift */; };
/* End PBXBuildFile section */

/* Begin PBXFileReference section */
		1227E1E8242E102E00D95B05 /* UXaccelerometer-2.app */ = {isa = PBXFileReference; explicitFileType = wrapper.application; includeInIndex = 0; path = "UXaccelerometer-2.app"; sourceTree = BUILT_PRODUCTS_DIR; };
		1227E1EB242E102E00D95B05 /* AppDelegate.swift */ = {isa = PBXFileReference; lastKnownFileType = sourcecode.swift; path = AppDelegate.swift; sourceTree = "<group>"; };
		1227E1EF242E102E00D95B05 /* ViewController.swift */ = {isa = PBXFileReference; lastKnownFileType = sourcecode.swift; path = ViewController.swift; sourceTree = "<group>"; };
		1227E1F2242E102E00D95B05 /* Base */ = {isa = PBXFileReference; lastKnownFileType = file.storyboard; name = Base; path = Base.lproj/Main.storyboard; sourceTree = "<group>"; };
		1227E1F4242E103300D95B05 /* Assets.xcassets */ = {isa = PBXFileReference; lastKnownFileType = folder.assetcatalog; path = Assets.xcassets; sourceTree = "<group>"; };
		1227E1F7242E103300D95B05 /* Base */ = {isa = PBXFileReference; lastKnownFileType = file.storyboard; name = Base; path = Base.lproj/LaunchScreen.storyboard; sourceTree = "<group>"; };
		1227E1F9242E103300D95B05 /* Info.plist */ = {isa = PBXFileReference; lastKnownFileType = text.plist.xml; path = Info.plist; sourceTree = "<group>"; };
		12CB3EDB243733A400C9B5E4 /* SocketIOManager.swift */ = {isa = PBXFileReference; lastKnownFileType = sourcecode.swift; path = SocketIOManager.swift; sourceTree = "<group>"; };
		5BF2134F242E1370009AEED4 /* Accelerometer.swift */ = {isa = PBXFileReference; lastKnownFileType = sourcecode.swift; path = Accelerometer.swift; sourceTree = "<group>"; };
/* End PBXFileReference section */

/* Begin PBXFrameworksBuildPhase section */
		1227E1E5242E102E00D95B05 /* Frameworks */ = {
			isa = PBXFrameworksBuildPhase;
			buildActionMask = 2147483647;
			files = (
				12CB3ED9243731E200C9B5E4 /* SocketIO in Frameworks */,
			);
			runOnlyForDeploymentPostprocessing = 0;
		};
/* End PBXFrameworksBuildPhase section */

/* Begin PBXGroup section */
		1227E1DF242E102E00D95B05 = {
			isa = PBXGroup;
			children = (
				1227E1EA242E102E00D95B05 /* UXaccelerometer-2 */,
				1227E1E9242E102E00D95B05 /* Products */,
			);
			sourceTree = "<group>";
		};
		1227E1E9242E102E00D95B05 /* Products */ = {
			isa = PBXGroup;
			children = (
				1227E1E8242E102E00D95B05 /* UXaccelerometer-2.app */,
			);
			name = Products;
			sourceTree = "<group>";
		};
		1227E1EA242E102E00D95B05 /* UXaccelerometer-2 */ = {
			isa = PBXGroup;
			children = (
				12CB3EDA2437337B00C9B5E4 /* Socket */,
				1227E1EB242E102E00D95B05 /* AppDelegate.swift */,
				1227E1EF242E102E00D95B05 /* ViewController.swift */,
				1227E1F1242E102E00D95B05 /* Main.storyboard */,
				1227E1F4242E103300D95B05 /* Assets.xcassets */,
				1227E1F6242E103300D95B05 /* LaunchScreen.storyboard */,
				1227E1F9242E103300D95B05 /* Info.plist */,
				5BF2134F242E1370009AEED4 /* Accelerometer.swift */,
			);
			path = "UXaccelerometer-2";
			sourceTree = "<group>";
		};
		12CB3EDA2437337B00C9B5E4 /* Socket */ = {
			isa = PBXGroup;
			children = (
				12CB3EDB243733A400C9B5E4 /* SocketIOManager.swift */,
			);
			path = Socket;
			sourceTree = "<group>";
		};
/* End PBXGroup section */

/* Begin PBXNativeTarget section */
		1227E1E7242E102E00D95B05 /* UXaccelerometer-2 */ = {
			isa = PBXNativeTarget;
			buildConfigurationList = 1227E1FC242E103300D95B05 /* Build configuration list for PBXNativeTarget "UXaccelerometer-2" */;
			buildPhases = (
				1227E1E4242E102E00D95B05 /* Sources */,
				1227E1E5242E102E00D95B05 /* Frameworks */,
				1227E1E6242E102E00D95B05 /* Resources */,
			);
			buildRules = (
			);
			dependencies = (
			);
			name = "UXaccelerometer-2";
			packageProductDependencies = (
				12CB3ED8243731E200C9B5E4 /* SocketIO */,
			);
			productName = "UXaccelerometer-2";
			productReference = 1227E1E8242E102E00D95B05 /* UXaccelerometer-2.app */;
			productType = "com.apple.product-type.application";
		};
/* End PBXNativeTarget section */

/* Begin PBXProject section */
		1227E1E0242E102E00D95B05 /* Project object */ = {
			isa = PBXProject;
			attributes = {
				LastSwiftUpdateCheck = 1130;
				LastUpgradeCheck = 1130;
				ORGANIZATIONNAME = dasharedd;
				TargetAttributes = {
					1227E1E7242E102E00D95B05 = {
						CreatedOnToolsVersion = 11.3.1;
					};
				};
			};
			buildConfigurationList = 1227E1E3242E102E00D95B05 /* Build configuration list for PBXProject "UXaccelerometer-2" */;
			compatibilityVersion = "Xcode 9.3";
			developmentRegion = en;
			hasScannedForEncodings = 0;
			knownRegions = (
				en,
				Base,
			);
			mainGroup = 1227E1DF242E102E00D95B05;
			packageReferences = (
				12CB3ED7243731E200C9B5E4 /* XCRemoteSwiftPackageReference "socket" */,
			);
			productRefGroup = 1227E1E9242E102E00D95B05 /* Products */;
			projectDirPath = "";
			projectRoot = "";
			targets = (
				1227E1E7242E102E00D95B05 /* UXaccelerometer-2 */,
			);
		};
/* End PBXProject section */

/* Begin PBXResourcesBuildPhase section */
		1227E1E6242E102E00D95B05 /* Resources */ = {
			isa = PBXResourcesBuildPhase;
			buildActionMask = 2147483647;
			files = (
				1227E1F8242E103300D95B05 /* LaunchScreen.storyboard in Resources */,
				1227E1F5242E103300D95B05 /* Assets.xcassets in Resources */,
				1227E1F3242E102E00D95B05 /* Main.storyboard in Resources */,
			);
			runOnlyForDeploymentPostprocessing = 0;
		};
/* End PBXResourcesBuildPhase section */

/* Begin PBXSourcesBuildPhase section */
		1227E1E4242E102E00D95B05 /* Sources */ = {
			isa = PBXSourcesBuildPhase;
			buildActionMask = 2147483647;
			files = (
				12CB3EDC243733A400C9B5E4 /* SocketIOManager.swift in Sources */,
				5BF21350242E1370009AEED4 /* Accelerometer.swift in Sources */,
				1227E1F0242E102E00D95B05 /* ViewController.swift in Sources */,
				1227E1EC242E102E00D95B05 /* AppDelegate.swift in Sources */,
			);
			runOnlyForDeploymentPostprocessing = 0;
		};
/* End PBXSourcesBuildPhase section */

/* Begin PBXVariantGroup section */
		1227E1F1242E102E00D95B05 /* Main.storyboard */ = {
			isa = PBXVariantGroup;
			children = (
				1227E1F2242E102E00D95B05 /* Base */,
			);
			name = Main.storyboard;
			sourceTree = "<group>";
		};
		1227E1F6242E103300D95B05 /* LaunchScreen.storyboard */ = {
			isa = PBXVariantGroup;
			children = (
				1227E1F7242E103300D95B05 /* Base */,
			);
			name = LaunchScreen.storyboard;
			sourceTree = "<group>";
		};
/* End PBXVariantGroup section */

/* Begin XCBuildConfiguration section */
		1227E1FA242E103300D95B05 /* Debug */ = {
			isa = XCBuildConfiguration;
			buildSettings = {
				ALWAYS_SEARCH_USER_PATHS = NO;
				CLANG_ANALYZER_NONNULL = YES;
				CLANG_ANALYZER_NUMBER_OBJECT_CONVERSION = YES_AGGRESSIVE;
				CLANG_CXX_LANGUAGE_STANDARD = "gnu++14";
				CLANG_CXX_LIBRARY = "libc++";
				CLANG_ENABLE_MODULES = YES;
				CLANG_ENABLE_OBJC_ARC = YES;
				CLANG_ENABLE_OBJC_WEAK = YES;
				CLANG_WARN_BLOCK_CAPTURE_AUTORELEASING = YES;
				CLANG_WARN_BOOL_CONVERSION = YES;
				CLANG_WARN_COMMA = YES;
				CLANG_WARN_CONSTANT_CONVERSION = YES;
				CLANG_WARN_DEPRECATED_OBJC_IMPLEMENTATIONS = YES;
				CLANG_WARN_DIRECT_OBJC_ISA_USAGE = YES_ERROR;
				CLANG_WARN_DOCUMENTATION_COMMENTS = YES;
				CLANG_WARN_EMPTY_BODY = YES;
				CLANG_WARN_ENUM_CONVERSION = YES;
				CLANG_WARN_INFINITE_RECURSION = YES;
				CLANG_WARN_INT_CONVERSION = YES;
				CLANG_WARN_NON_LITERAL_NULL_CONVERSION = YES;
				CLANG_WARN_OBJC_IMPLICIT_RETAIN_SELF = YES;
				CLANG_WARN_OBJC_LITERAL_CONVERSION = YES;
				CLANG_WARN_OBJC_ROOT_CLASS = YES_ERROR;
				CLANG_WARN_RANGE_LOOP_ANALYSIS = YES;
				CLANG_WARN_STRICT_PROTOTYPES = YES;
				CLANG_WARN_SUSPICIOUS_MOVE = YES;
				CLANG_WARN_UNGUARDED_AVAILABILITY = YES_AGGRESSIVE;
				CLANG_WARN_UNREACHABLE_CODE = YES;
				CLANG_WARN__DUPLICATE_METHOD_MATCH = YES;
				COPY_PHASE_STRIP = NO;
				DEBUG_INFORMATION_FORMAT = dwarf;
				ENABLE_STRICT_OBJC_MSGSEND = YES;
				ENABLE_TESTABILITY = YES;
				GCC_C_LANGUAGE_STANDARD = gnu11;
				GCC_DYNAMIC_NO_PIC = NO;
				GCC_NO_COMMON_BLOCKS = YES;
				GCC_OPTIMIZATION_LEVEL = 0;
				GCC_PREPROCESSOR_DEFINITIONS = (
					"DEBUG=1",
					"$(inherited)",
				);
				GCC_WARN_64_TO_32_BIT_CONVERSION = YES;
				GCC_WARN_ABOUT_RETURN_TYPE = YES_ERROR;
				GCC_WARN_UNDECLARED_SELECTOR = YES;
				GCC_WARN_UNINITIALIZED_AUTOS = YES_AGGRESSIVE;
				GCC_WARN_UNUSED_FUNCTION = YES;
				GCC_WARN_UNUSED_VARIABLE = YES;
				IPHONEOS_DEPLOYMENT_TARGET = 13.2;
				MTL_ENABLE_DEBUG_INFO = INCLUDE_SOURCE;
				MTL_FAST_MATH = YES;
				ONLY_ACTIVE_ARCH = YES;
				SDKROOT = iphoneos;
				SWIFT_ACTIVE_COMPILATION_CONDITIONS = DEBUG;
				SWIFT_OPTIMIZATION_LEVEL = "-Onone";
			};
			name = Debug;
		};
		1227E1FB242E103300D95B05 /* Release */ = {
			isa = XCBuildConfiguration;
			buildSettings = {
				ALWAYS_SEARCH_USER_PATHS = NO;
				CLANG_ANALYZER_NONNULL = YES;
				CLANG_ANALYZER_NUMBER_OBJECT_CONVERSION = YES_AGGRESSIVE;
				CLANG_CXX_LANGUAGE_STANDARD = "gnu++14";
				CLANG_CXX_LIBRARY = "libc++";
				CLANG_ENABLE_MODULES = YES;
				CLANG_ENABLE_OBJC_ARC = YES;
				CLANG_ENABLE_OBJC_WEAK = YES;
				CLANG_WARN_BLOCK_CAPTURE_AUTORELEASING = YES;
				CLANG_WARN_BOOL_CONVERSION = YES;
				CLANG_WARN_COMMA = YES;
				CLANG_WARN_CONSTANT_CONVERSION = YES;
				CLANG_WARN_DEPRECATED_OBJC_IMPLEMENTATIONS = YES;
				CLANG_WARN_DIRECT_OBJC_ISA_USAGE = YES_ERROR;
				CLANG_WARN_DOCUMENTATION_COMMENTS = YES;
				CLANG_WARN_EMPTY_BODY = YES;
				CLANG_WARN_ENUM_CONVERSION = YES;
				CLANG_WARN_INFINITE_RECURSION = YES;
				CLANG_WARN_INT_CONVERSION = YES;
				CLANG_WARN_NON_LITERAL_NULL_CONVERSION = YES;
				CLANG_WARN_OBJC_IMPLICIT_RETAIN_SELF = YES;
				CLANG_WARN_OBJC_LITERAL_CONVERSION = YES;
				CLANG_WARN_OBJC_ROOT_CLASS = YES_ERROR;
				CLANG_WARN_RANGE_LOOP_ANALYSIS = YES;
				CLANG_WARN_STRICT_PROTOTYPES = YES;
				CLANG_WARN_SUSPICIOUS_MOVE = YES;
				CLANG_WARN_UNGUARDED_AVAILABILITY = YES_AGGRESSIVE;
				CLANG_WARN_UNREACHABLE_CODE = YES;
				CLANG_WARN__DUPLICATE_METHOD_MATCH = YES;
				COPY_PHASE_STRIP = NO;
				DEBUG_INFORMATION_FORMAT = "dwarf-with-dsym";
				ENABLE_NS_ASSERTIONS = NO;
				ENABLE_STRICT_OBJC_MSGSEND = YES;
				GCC_C_LANGUAGE_STANDARD = gnu11;
				GCC_NO_COMMON_BLOCKS = YES;
				GCC_WARN_64_TO_32_BIT_CONVERSION = YES;
				GCC_WARN_ABOUT_RETURN_TYPE = YES_ERROR;
				GCC_WARN_UNDECLARED_SELECTOR = YES;
				GCC_WARN_UNINITIALIZED_AUTOS = YES_AGGRESSIVE;
				GCC_WARN_UNUSED_FUNCTION = YES;
				GCC_WARN_UNUSED_VARIABLE = YES;
				IPHONEOS_DEPLOYMENT_TARGET = 13.2;
				MTL_ENABLE_DEBUG_INFO = NO;
				MTL_FAST_MATH = YES;
				SDKROOT = iphoneos;
				SWIFT_COMPILATION_MODE = wholemodule;
				SWIFT_OPTIMIZATION_LEVEL = "-O";
				VALIDATE_PRODUCT = YES;
			};
			name = Release;
		};
		1227E1FD242E103300D95B05 /* Debug */ = {
			isa = XCBuildConfiguration;
			buildSettings = {
				ASSETCATALOG_COMPILER_APPICON_NAME = AppIcon;
				CODE_SIGN_STYLE = Automatic;
				DEVELOPMENT_TEAM = 9Z6LFGKA9G;
				INFOPLIST_FILE = "UXaccelerometer-2/Info.plist";
				LD_RUNPATH_SEARCH_PATHS = (
					"$(inherited)",
					"@executable_path/Frameworks",
				);
				PRODUCT_BUNDLE_IDENTIFIER = "rednikina.com.drHSE.UXaccelerometer-2";
				PRODUCT_NAME = "$(TARGET_NAME)";
				SWIFT_VERSION = 5.0;
				TARGETED_DEVICE_FAMILY = "1,2";
			};
			name = Debug;
		};
		1227E1FE242E103300D95B05 /* Release */ = {
			isa = XCBuildConfiguration;
			buildSettings = {
				ASSETCATALOG_COMPILER_APPICON_NAME = AppIcon;
				CODE_SIGN_STYLE = Automatic;
				DEVELOPMENT_TEAM = 9Z6LFGKA9G;
				INFOPLIST_FILE = "UXaccelerometer-2/Info.plist";
				LD_RUNPATH_SEARCH_PATHS = (
					"$(inherited)",
					"@executable_path/Frameworks",
				);
				PRODUCT_BUNDLE_IDENTIFIER = "rednikina.com.drHSE.UXaccelerometer-2";
				PRODUCT_NAME = "$(TARGET_NAME)";
				SWIFT_VERSION = 5.0;
				TARGETED_DEVICE_FAMILY = "1,2";
			};
			name = Release;
		};
/* End XCBuildConfiguration section */

/* Begin XCConfigurationList section */
		1227E1E3242E102E00D95B05 /* Build configuration list for PBXProject "UXaccelerometer-2" */ = {
			isa = XCConfigurationList;
			buildConfigurations = (
				1227E1FA242E103300D95B05 /* Debug */,
				1227E1FB242E103300D95B05 /* Release */,
			);
			defaultConfigurationIsVisible = 0;
			defaultConfigurationName = Release;
		};
		1227E1FC242E103300D95B05 /* Build configuration list for PBXNativeTarget "UXaccelerometer-2" */ = {
			isa = XCConfigurationList;
			buildConfigurations = (
				1227E1FD242E103300D95B05 /* Debug */,
				1227E1FE242E103300D95B05 /* Release */,
			);
			defaultConfigurationIsVisible = 0;
			defaultConfigurationName = Release;
		};
/* End XCConfigurationList section */

/* Begin XCRemoteSwiftPackageReference section */
		12CB3ED7243731E200C9B5E4 /* XCRemoteSwiftPackageReference "socket" */ = {
			isa = XCRemoteSwiftPackageReference;
			repositoryURL = "https://github.com/socketio/socket.io-client-swift";
			requirement = {
				kind = upToNextMajorVersion;
				minimumVersion = 15.2.0;
			};
		};
/* End XCRemoteSwiftPackageReference section */

/* Begin XCSwiftPackageProductDependency section */
		12CB3ED8243731E200C9B5E4 /* SocketIO */ = {
			isa = XCSwiftPackageProductDependency;
			package = 12CB3ED7243731E200C9B5E4 /* XCRemoteSwiftPackageReference "socket" */;
			productName = SocketIO;
		};
/* End XCSwiftPackageProductDependency section */
	};
	rootObject = 1227E1E0242E102E00D95B05 /* Project object */;
}
